<?xml version="1.0" encoding="utf-8"?>
<Project ToolsVersion="4.0" xmlns="http://schemas.microsoft.com/developer/msbuild/2003">
  <ItemGroup>
    <Filter Include="Engine">
      <UniqueIdentifier>{029e481d-a349-414d-8ab4-5d625aee7140}</UniqueIdentifier>
    </Filter>
    <Filter Include="Game">
      <UniqueIdentifier>{441702e7-464c-4436-8b65-1eeccb71892b}</UniqueIdentifier>
    </Filter>
    <Filter Include="Engine\GameObjects">
      <UniqueIdentifier>{ec1c66bc-f13f-4730-a58d-cb7a14e7d50a}</UniqueIdentifier>
    </Filter>
    <Filter Include="Engine\GameObjects\Graphics">
      <UniqueIdentifier>{b4f05833-7b58-4457-94c2-d951b07921d6}</UniqueIdentifier>
    </Filter>
    <Filter Include="Engine\GameObjects\Transform">
      <UniqueIdentifier>{70eb5340-1c69-4ecf-b6a3-6936afb378dc}</UniqueIdentifier>
    </Filter>
    <Filter Include="Engine\Math">
      <UniqueIdentifier>{4e2cdf13-9f49-4fc7-9f0a-01967aa7d8aa}</UniqueIdentifier>
    </Filter>
    <Filter Include="Engine\GameObjects\Physics">
      <UniqueIdentifier>{fecc5ced-8810-4412-a37a-66a054c49f76}</UniqueIdentifier>
    </Filter>
    <Filter Include="Engine\GameObjects\Behaviors">
      <UniqueIdentifier>{04f49eed-8fa7-41f3-b103-744758c284b3}</UniqueIdentifier>
    </Filter>
    <Filter Include="Game\Behaviors">
      <UniqueIdentifier>{18810654-6ad0-4f0d-9591-534f656a6f77}</UniqueIdentifier>
    </Filter>
    <Filter Include="Engine\GameObjects\Colliders">
      <UniqueIdentifier>{26995432-f90b-46b7-a4e1-4b709cb42c5f}</UniqueIdentifier>
    </Filter>
    <Filter Include="fmod">
      <UniqueIdentifier>{63bcaa8a-6cbb-4d94-b80d-bb7f693e59ff}</UniqueIdentifier>
    </Filter>
    <Filter Include="Engine\Sound">
      <UniqueIdentifier>{b6342329-9d4c-47a5-824b-0c5c75c294cd}</UniqueIdentifier>
    </Filter>
    <Filter Include="Engine\I/O">
      <UniqueIdentifier>{2e9b1b5b-ed9b-4200-a64c-607a3e0d94dc}</UniqueIdentifier>
    </Filter>
    <Filter Include="RapidJSON">
      <UniqueIdentifier>{62df1557-bc04-424d-8a87-18b54221e19e}</UniqueIdentifier>
    </Filter>
    <Filter Include="Engine\Levels">
      <UniqueIdentifier>{7fca3aa8-d8c1-4bc5-9673-39c9fb955182}</UniqueIdentifier>
    </Filter>
    <Filter Include="Engine\Buttons">
      <UniqueIdentifier>{a481df7b-2589-4396-ad8f-001cf95cf24f}</UniqueIdentifier>
    </Filter>
    <Filter Include="Game\Levels">
      <UniqueIdentifier>{eec3befe-3433-43d5-8608-9c72ebc290de}</UniqueIdentifier>
    </Filter>
    <Filter Include="Engine\GameObjects\Tilemap">
      <UniqueIdentifier>{26f6a7a3-cd51-4873-a8dc-d6d4ac3d337b}</UniqueIdentifier>
    </Filter>
  </ItemGroup>
  <ItemGroup>
    <ClCompile Include="Source\Main.cpp" />
    <ClCompile Include="Source\stdafx.cpp">
      <Filter>Engine</Filter>
    </ClCompile>
    <ClCompile Include="Source\Animation.cpp">
      <Filter>Engine\GameObjects\Graphics</Filter>
    </ClCompile>
    <ClCompile Include="Source\AnimationSequence.cpp">
      <Filter>Engine\GameObjects\Graphics</Filter>
    </ClCompile>
    <ClCompile Include="Source\Mesh.cpp">
      <Filter>Engine\GameObjects\Graphics</Filter>
    </ClCompile>
    <ClCompile Include="Source\Sprite.cpp">
      <Filter>Engine\GameObjects\Graphics</Filter>
    </ClCompile>
    <ClCompile Include="Source\SpriteSource.cpp">
      <Filter>Engine\GameObjects\Graphics</Filter>
    </ClCompile>
    <ClCompile Include="Source\Physics.cpp">
      <Filter>Engine\GameObjects\Physics</Filter>
    </ClCompile>
    <ClCompile Include="Source\Transform.cpp">
      <Filter>Engine\GameObjects\Transform</Filter>
    </ClCompile>
    <ClCompile Include="Source\GameObject.cpp">
      <Filter>Engine\GameObjects</Filter>
    </ClCompile>
    <ClCompile Include="Source\GameObjectManager.cpp">
      <Filter>Engine\GameObjects</Filter>
    </ClCompile>
    <ClCompile Include="Source\Matrix2D.cpp">
      <Filter>Engine\Math</Filter>
    </ClCompile>
    <ClCompile Include="Source\Vector2D.cpp">
      <Filter>Engine\Math</Filter>
    </ClCompile>
    <ClCompile Include="Source\Engine.cpp">
      <Filter>Engine</Filter>
    </ClCompile>
    <ClCompile Include="Source\System.cpp">
      <Filter>Engine</Filter>
    </ClCompile>
    <ClCompile Include="Source\Trace.cpp">
      <Filter>Engine</Filter>
    </ClCompile>
    <ClCompile Include="Source\Collider.cpp">
      <Filter>Engine\GameObjects\Colliders</Filter>
    </ClCompile>
    <ClCompile Include="Source\Teleporter.cpp">
      <Filter>Game\Behaviors</Filter>
    </ClCompile>
    <ClCompile Include="Source\Random.cpp">
      <Filter>Engine</Filter>
    </ClCompile>
    <ClCompile Include="Source\Behavior.cpp">
      <Filter>Engine\GameObjects\Behaviors</Filter>
    </ClCompile>
    <ClCompile Include="source\SoundManager.cpp">
      <Filter>Engine\Sound</Filter>
    </ClCompile>
    <ClCompile Include="Source\Rendertext.cpp">
      <Filter>Engine</Filter>
    </ClCompile>
    <ClCompile Include="source\IOController.cpp">
      <Filter>Engine\I/O</Filter>
    </ClCompile>
    <ClCompile Include="Source\Army.cpp">
      <Filter>Game</Filter>
    </ClCompile>
    <ClCompile Include="Source\PlatformManager.cpp">
      <Filter>Game</Filter>
    </ClCompile>
    <ClCompile Include="Source\Component.cpp">
      <Filter>Engine\GameObjects</Filter>
    </ClCompile>
    <ClCompile Include="Source\Tilemap.cpp">
      <Filter>Engine\GameObjects\Tilemap</Filter>
    </ClCompile>
    <ClCompile Include="Source\ColliderCircle.cpp">
      <Filter>Engine\GameObjects\Colliders</Filter>
    </ClCompile>
    <ClCompile Include="Source\Intersection2D.cpp">
      <Filter>Engine\Math</Filter>
    </ClCompile>
    <ClCompile Include="Source\LevelManager.cpp">
      <Filter>Engine</Filter>
    </ClCompile>
    <ClCompile Include="Source\BehaviorStub.cpp">
      <Filter>Game\Behaviors</Filter>
    </ClCompile>
    <ClCompile Include="Source\Button.cpp">
      <Filter>Engine</Filter>
    </ClCompile>
    <ClCompile Include="Source\LevelButton.cpp">
      <Filter>Engine</Filter>
    </ClCompile>
    <ClCompile Include="Source\ColliderBox.cpp">
      <Filter>Engine\GameObjects\Colliders</Filter>
    </ClCompile>
    <ClCompile Include="Source\LevelButton.cpp">
      <Filter>Engine\Buttons</Filter>
    </ClCompile>
    <ClCompile Include="Source\Button.cpp">
      <Filter>Engine\Buttons</Filter>
    </ClCompile>
    <ClCompile Include="Source\QuitButton.cpp">
      <Filter>Engine\Buttons</Filter>
    </ClCompile>
    <ClCompile Include="Source\PauseMenu.cpp">
      <Filter>Engine</Filter>
    </ClCompile>
    <ClCompile Include="source\Serializable.cpp">
      <Filter>Engine\GameObjects</Filter>
    </ClCompile>
    <ClCompile Include="Source\BehaviorUnit.cpp">
      <Filter>Game\Behaviors</Filter>
    </ClCompile>
    <ClCompile Include="Source\BehaviorArmy.cpp">
      <Filter>Game\Behaviors</Filter>
    </ClCompile>
    <ClCompile Include="Source\Control.cpp">
      <Filter>Engine</Filter>
    </ClCompile>
    <ClCompile Include="Source\CompList.cpp">
      <Filter>Game</Filter>
    </ClCompile>
  </ItemGroup>
  <ItemGroup>
    <ClInclude Include="Source\stdafx.h">
      <Filter>Engine</Filter>
    </ClInclude>
    <ClInclude Include="Source\targetver.h">
      <Filter>Engine</Filter>
    </ClInclude>
    <ClInclude Include="Source\Stub.h" />
    <ClInclude Include="Source\Engine.h">
      <Filter>Engine</Filter>
    </ClInclude>
    <ClInclude Include="Source\Trace.h">
      <Filter>Engine</Filter>
    </ClInclude>
    <ClInclude Include="Source\System.h">
      <Filter>Engine</Filter>
    </ClInclude>
    <ClInclude Include="Source\AnimationFrame.h">
      <Filter>Engine\GameObjects\Graphics</Filter>
    </ClInclude>
    <ClInclude Include="Source\AnimationSequence.h">
      <Filter>Engine\GameObjects\Graphics</Filter>
    </ClInclude>
    <ClInclude Include="Source\Animation.h">
      <Filter>Engine\GameObjects\Graphics</Filter>
    </ClInclude>
    <ClInclude Include="Source\Sprite.h">
      <Filter>Engine\GameObjects\Graphics</Filter>
    </ClInclude>
    <ClInclude Include="Source\SpriteSource.h">
      <Filter>Engine\GameObjects\Graphics</Filter>
    </ClInclude>
    <ClInclude Include="Source\Mesh.h">
      <Filter>Engine\GameObjects\Graphics</Filter>
    </ClInclude>
    <ClInclude Include="Source\Transform.h">
      <Filter>Engine\GameObjects\Transform</Filter>
    </ClInclude>
    <ClInclude Include="Source\GameObject.h">
      <Filter>Engine\GameObjects</Filter>
    </ClInclude>
    <ClInclude Include="Source\Matrix2D.h">
      <Filter>Engine\Math</Filter>
    </ClInclude>
    <ClInclude Include="Source\Vector2D.h">
      <Filter>Engine\Math</Filter>
    </ClInclude>
    <ClInclude Include="Source\Physics.h">
      <Filter>Engine\GameObjects\Physics</Filter>
    </ClInclude>
    <ClInclude Include="Source\GameObjectManager.h">
      <Filter>Engine\GameObjects</Filter>
    </ClInclude>
    <ClInclude Include="Source\Collider.h">
      <Filter>Engine\GameObjects\Colliders</Filter>
    </ClInclude>
    <ClInclude Include="Source\Teleporter.h">
      <Filter>Game\Behaviors</Filter>
    </ClInclude>
    <ClInclude Include="Source\Random.h">
      <Filter>Engine</Filter>
    </ClInclude>
    <ClInclude Include="fmodAPI\inc\fmod.h">
      <Filter>fmod</Filter>
    </ClInclude>
    <ClInclude Include="fmodAPI\inc\fmod.hpp">
      <Filter>fmod</Filter>
    </ClInclude>
    <ClInclude Include="fmodAPI\inc\fmod_codec.h">
      <Filter>fmod</Filter>
    </ClInclude>
    <ClInclude Include="fmodAPI\inc\fmod_common.h">
      <Filter>fmod</Filter>
    </ClInclude>
    <ClInclude Include="fmodAPI\inc\fmod_dsp.h">
      <Filter>fmod</Filter>
    </ClInclude>
    <ClInclude Include="fmodAPI\inc\fmod_dsp_effects.h">
      <Filter>fmod</Filter>
    </ClInclude>
    <ClInclude Include="fmodAPI\inc\fmod_errors.h">
      <Filter>fmod</Filter>
    </ClInclude>
    <ClInclude Include="fmodAPI\inc\fmod_output.h">
      <Filter>fmod</Filter>
    </ClInclude>
    <ClInclude Include="source\SoundManager.h">
      <Filter>Engine\Sound</Filter>
    </ClInclude>
    <ClInclude Include="Source\Behavior.h">
      <Filter>Engine\GameObjects\Behaviors</Filter>
    </ClInclude>
    <ClInclude Include="Source\Rendertext.h">
      <Filter>Engine</Filter>
    </ClInclude>
    <ClInclude Include="source\IOController.h">
      <Filter>Engine\I/O</Filter>
    </ClInclude>
    <ClInclude Include="Source\Army.h">
      <Filter>Game</Filter>
    </ClInclude>
    <ClInclude Include="Source\PlatformManager.h">
      <Filter>Game</Filter>
    </ClInclude>
    <ClInclude Include="Source\Component.h">
      <Filter>Engine\GameObjects</Filter>
    </ClInclude>
    <ClInclude Include="Source\Tilemap.h">
      <Filter>Engine\GameObjects\Tilemap</Filter>
    </ClInclude>
    <ClInclude Include="Source\ColliderCircle.h">
      <Filter>Engine\GameObjects\Colliders</Filter>
    </ClInclude>
    <ClInclude Include="Source\Intersection2D.h">
      <Filter>Engine\Math</Filter>
    </ClInclude>
    <ClInclude Include="Source\LevelManager.h">
      <Filter>Engine</Filter>
    </ClInclude>
    <ClInclude Include="Source\BehaviorStub.h">
      <Filter>Game\Behaviors</Filter>
    </ClInclude>
    <ClInclude Include="Source\Button.h">
      <Filter>Engine</Filter>
    </ClInclude>
    <ClInclude Include="Source\LevelButton.h">
      <Filter>Engine</Filter>
    </ClInclude>
    <ClInclude Include="Source\ColliderBox.h">
      <Filter>Engine\GameObjects\Colliders</Filter>
    </ClInclude>
    <ClInclude Include="Source\LevelButton.h">
      <Filter>Engine\Buttons</Filter>
    </ClInclude>
    <ClInclude Include="Source\Button.h">
      <Filter>Engine\Buttons</Filter>
    </ClInclude>
    <ClInclude Include="Source\QuitButton.h">
      <Filter>Engine\Buttons</Filter>
    </ClInclude>
    <ClInclude Include="rapidjson\allocators.h">
      <Filter>RapidJSON</Filter>
    </ClInclude>
    <ClInclude Include="rapidjson\cursorstreamwrapper.h">
      <Filter>RapidJSON</Filter>
    </ClInclude>
    <ClInclude Include="rapidjson\document.h">
      <Filter>RapidJSON</Filter>
    </ClInclude>
    <ClInclude Include="rapidjson\encodedstream.h">
      <Filter>RapidJSON</Filter>
    </ClInclude>
    <ClInclude Include="rapidjson\encodings.h">
      <Filter>RapidJSON</Filter>
    </ClInclude>
    <ClInclude Include="rapidjson\filereadstream.h">
      <Filter>RapidJSON</Filter>
    </ClInclude>
    <ClInclude Include="rapidjson\filewritestream.h">
      <Filter>RapidJSON</Filter>
    </ClInclude>
    <ClInclude Include="rapidjson\fwd.h">
      <Filter>RapidJSON</Filter>
    </ClInclude>
    <ClInclude Include="rapidjson\istreamwrapper.h">
      <Filter>RapidJSON</Filter>
    </ClInclude>
    <ClInclude Include="rapidjson\memorybuffer.h">
      <Filter>RapidJSON</Filter>
    </ClInclude>
    <ClInclude Include="rapidjson\memorystream.h">
      <Filter>RapidJSON</Filter>
    </ClInclude>
    <ClInclude Include="rapidjson\ostreamwrapper.h">
      <Filter>RapidJSON</Filter>
    </ClInclude>
    <ClInclude Include="rapidjson\pointer.h">
      <Filter>RapidJSON</Filter>
    </ClInclude>
    <ClInclude Include="rapidjson\prettywriter.h">
      <Filter>RapidJSON</Filter>
    </ClInclude>
    <ClInclude Include="rapidjson\rapidjson.h">
      <Filter>RapidJSON</Filter>
    </ClInclude>
    <ClInclude Include="rapidjson\reader.h">
      <Filter>RapidJSON</Filter>
    </ClInclude>
    <ClInclude Include="rapidjson\schema.h">
      <Filter>RapidJSON</Filter>
    </ClInclude>
    <ClInclude Include="rapidjson\stream.h">
      <Filter>RapidJSON</Filter>
    </ClInclude>
    <ClInclude Include="rapidjson\stringbuffer.h">
      <Filter>RapidJSON</Filter>
    </ClInclude>
    <ClInclude Include="rapidjson\writer.h">
      <Filter>RapidJSON</Filter>
    </ClInclude>
    <ClInclude Include="Source\PauseMenu.h">
      <Filter>Engine</Filter>
    </ClInclude>
    <ClInclude Include="source\Serializable.h">
      <Filter>Engine\GameObjects</Filter>
    </ClInclude>
    <ClInclude Include="Source\BehaviorUnit.h">
      <Filter>Game\Behaviors</Filter>
    </ClInclude>
    <ClInclude Include="Source\BehaviorArmy.h">
      <Filter>Game\Behaviors</Filter>
    </ClInclude>
    <ClInclude Include="Source\Control.h">
      <Filter>Engine</Filter>
    </ClInclude>
    <ClInclude Include="Source\CompList.h">
      <Filter>Game</Filter>
    </ClInclude>
  </ItemGroup>
  <ItemGroup>
    <None Include="fmodAPI\lib\fmod.dll">
      <Filter>fmod</Filter>
    </None>
    <None Include="fmodAPI\lib\fmodL.dll">
      <Filter>fmod</Filter>
    </None>
    <None Include="Levels\StartLevel.json">
      <Filter>Game\Levels</Filter>
    </None>
    <None Include="Levels\DemoLevel.json">
      <Filter>Game\Levels</Filter>
    </None>
  </ItemGroup>
  <ItemGroup>
    <Library Include="fmodAPI\lib\fmod_vc.lib">
      <Filter>fmod</Filter>
    </Library>
    <Library Include="fmodAPI\lib\fmodL_vc.lib">
      <Filter>fmod</Filter>
    </Library>
  </ItemGroup>
</Project>
